// !$*UTF8*$!
{
	archiveVersion = 1;
	classes = {
	};
	objectVersion = 46;
	objects = {

/* Begin PBXBuildFile section */
		049D14A42FE367CD0026E1B4 /* AlarmStorage.swift in Sources */ = {isa = PBXBuildFile; fileRef = 049D14A12FE367CD0026E1B4 /* AlarmStorage.swift */; };
		049D14A52FE367CD0026E1B4 /* DemoStrings.swift in Sources */ = {isa = PBXBuildFile; fileRef = 049D14A22FE367CD0026E1B4 /* DemoStrings.swift */; };
		049D14A62FE367CD0026E1B4 /* FAQViewController.swift in Sources */ = {isa = PBXBuildFile; fileRef = 049D14A32FE367CD0026E1B4 /* FAQViewController.swift */; };
		049D14B12FE467CD0026E1B4 /* DeviceStorage.swift in Sources */ = {isa = PBXBuildFile; fileRef = 049D14AE2FE467CD0026E1B4 /* DeviceStorage.swift */; };
		049D14B22FE467CD0026E1B4 /* DeviceListViewController.swift in Sources */ = {isa = PBXBuildFile; fileRef = 049D14AF2FE467CD0026E1B4 /* DeviceListViewController.swift */; };
		049D14C02FF067CD0026E1B4 /* LanguageViewController.swift in Sources */ = {isa = PBXBuildFile; fileRef = 049D14BF2FF067CD0026E1B4 /* LanguageViewController.swift */; };
		049D14B32FE467CD0026E1B4 /* ScanViewController.swift in Sources */ = {isa = PBXBuildFile; fileRef = 049D14B02FE467CD0026E1B4 /* ScanViewController.swift */; };
		04BDFE9B2FE00F4700D1F1B5 /* ProtocolTestViewController.swift in Sources */ = {isa = PBXBuildFile; fileRef = 04BDFE9A2FE00F4700D1F1B5 /* ProtocolTestViewController.swift */; };
		04BDFE9C2FE00F4700D1F1B5 /* AlarmManagerViewController.swift in Sources */ = {isa = PBXBuildFile; fileRef = 04BDFE962FE00F4700D1F1B5 /* AlarmManagerViewController.swift */; };
		04BDFE9D2FE00F4700D1F1B5 /* MedicationDatabase.swift in Sources */ = {isa = PBXBuildFile; fileRef = 04BDFE982FE00F4700D1F1B5 /* MedicationDatabase.swift */; };
		04BDFE9E2FE00F4700D1F1B5 /* MedicationRecordsViewController.swift in Sources */ = {isa = PBXBuildFile; fileRef = 04BDFE992FE00F4700D1F1B5 /* MedicationRecordsViewController.swift */; };
		04BDFE9F2FE00F4700D1F1B5 /* AlarmEditorViewController.swift in Sources */ = {isa = PBXBuildFile; fileRef = 04BDFE952FE00F4700D1F1B5 /* AlarmEditorViewController.swift */; };
		04BDFEA02FE00F4700D1F1B5 /* DebugViewController.swift in Sources */ = {isa = PBXBuildFile; fileRef = 04BDFE972FE00F4700D1F1B5 /* DebugViewController.swift */; };
		197F57BD51D2600AFBF1E964 /* MedicationRecordsViewController.swift in Sources */ = {isa = PBXBuildFile; fileRef = 4675F7D4B670E1744EA21C69 /* MedicationRecordsViewController.swift */; };
		1CDA645183AF1493BCAA8104 /* Pods_BlueSDK_Example.framework in Frameworks */ = {isa = PBXBuildFile; fileRef = FCFB09AE9255E51EBBF4C881 /* Pods_BlueSDK_Example.framework */; };
		57AE167D928B6CEDCEB66D3C /* AlarmEditorViewController.swift in Sources */ = {isa = PBXBuildFile; fileRef = 7AE286F5020F5BEB483F3FFA /* AlarmEditorViewController.swift */; };
		607FACD61AFB9204008FA782 /* AppDelegate.swift in Sources */ = {isa = PBXBuildFile; fileRef = 607FACD51AFB9204008FA782 /* AppDelegate.swift */; };
		607FACD81AFB9204008FA782 /* ViewController.swift in Sources */ = {isa = PBXBuildFile; fileRef = 607FACD71AFB9204008FA782 /* ViewController.swift */; };
		607FACDB1AFB9204008FA782 /* Main.storyboard in Resources */ = {isa = PBXBuildFile; fileRef = 607FACD91AFB9204008FA782 /* Main.storyboard */; };
		607FACDD1AFB9204008FA782 /* Images.xcassets in Resources */ = {isa = PBXBuildFile; fileRef = 607FACDC1AFB9204008FA782 /* Images.xcassets */; };
		607FACE01AFB9204008FA782 /* LaunchScreen.xib in Resources */ = {isa = PBXBuildFile; fileRef = 607FACDE1AFB9204008FA782 /* LaunchScreen.xib */; };
		607FACEC1AFB9204008FA782 /* Tests.swift in Sources */ = {isa = PBXBuildFile; fileRef = 607FACEB1AFB9204008FA782 /* Tests.swift */; };
		93AE1ED9CBDB0CFCF845BA3E /* Pods_BlueSDK_Tests.framework in Frameworks */ = {isa = PBXBuildFile; fileRef = A2AC49C22783DE348C0D344F /* Pods_BlueSDK_Tests.framework */; };
		B68194BFBA842540A3883A18 /* ProtocolTestViewController.swift in Sources */ = {isa = PBXBuildFile; fileRef = 5F5C3EF66285FC6340BEA7E2 /* ProtocolTestViewController.swift */; };
		C323E8E813769E3B95E32653 /* AlarmManagerViewController.swift in Sources */ = {isa = PBXBuildFile; fileRef = DA1C8CB304B94D39FEA9FB14 /* AlarmManagerViewController.swift */; };
		DE6FE45D61DC92AE8FC9C6ED /* MedicationDatabase.swift in Sources */ = {isa = PBXBuildFile; fileRef = E0F59A49F9491DFCA56FA17B /* MedicationDatabase.swift */; };
/* End PBXBuildFile section */

/* Begin PBXContainerItemProxy section */
		607FACE61AFB9204008FA782 /* PBXContainerItemProxy */ = {
			isa = PBXContainerItemProxy;
			containerPortal = 607FACC81AFB9204008FA782 /* Project object */;
			proxyType = 1;
			remoteGlobalIDString = 607FACCF1AFB9204008FA782;
			remoteInfo = BlueSDK;
		};
/* End PBXContainerItemProxy section */

/* Begin PBXFileReference section */
		049D14A12FE367CD0026E1B4 /* AlarmStorage.swift */ = {isa = PBXFileReference; lastKnownFileType = sourcecode.swift; path = AlarmStorage.swift; sourceTree = "<group>"; };
		049D14A22FE367CD0026E1B4 /* DemoStrings.swift */ = {isa = PBXFileReference; lastKnownFileType = sourcecode.swift; path = DemoStrings.swift; sourceTree = "<group>"; };
		049D14A32FE367CD0026E1B4 /* FAQViewController.swift */ = {isa = PBXFileReference; lastKnownFileType = sourcecode.swift; path = FAQViewController.swift; sourceTree = "<group>"; };
		049D14AE2FE467CD0026E1B4 /* DeviceStorage.swift */ = {isa = PBXFileReference; lastKnownFileType = sourcecode.swift; path = DeviceStorage.swift; sourceTree = "<group>"; };
		049D14AF2FE467CD0026E1B4 /* DeviceListViewController.swift */ = {isa = PBXFileReference; lastKnownFileType = sourcecode.swift; path = DeviceListViewController.swift; sourceTree = "<group>"; };
		049D14BF2FF067CD0026E1B4 /* LanguageViewController.swift */ = {isa = PBXFileReference; lastKnownFileType = sourcecode.swift; path = LanguageViewController.swift; sourceTree = "<group>"; };
		049D14B02FE467CD0026E1B4 /* ScanViewController.swift */ = {isa = PBXFileReference; lastKnownFileType = sourcecode.swift; path = ScanViewController.swift; sourceTree = "<group>"; };
		04BDFE952FE00F4700D1F1B5 /* AlarmEditorViewController.swift */ = {isa = PBXFileReference; lastKnownFileType = sourcecode.swift; path = AlarmEditorViewController.swift; sourceTree = "<group>"; };
		04BDFE962FE00F4700D1F1B5 /* AlarmManagerViewController.swift */ = {isa = PBXFileReference; lastKnownFileType = sourcecode.swift; path = AlarmManagerViewController.swift; sourceTree = "<group>"; };
		04BDFE972FE00F4700D1F1B5 /* DebugViewController.swift */ = {isa = PBXFileReference; lastKnownFileType = sourcecode.swift; path = DebugViewController.swift; sourceTree = "<group>"; };
		04BDFE982FE00F4700D1F1B5 /* MedicationDatabase.swift */ = {isa = PBXFileReference; lastKnownFileType = sourcecode.swift; path = MedicationDatabase.swift; sourceTree = "<group>"; };
		04BDFE992FE00F4700D1F1B5 /* MedicationRecordsViewController.swift */ = {isa = PBXFileReference; lastKnownFileType = sourcecode.swift; path = MedicationRecordsViewController.swift; sourceTree = "<group>"; };
		04BDFE9A2FE00F4700D1F1B5 /* ProtocolTestViewController.swift */ = {isa = PBXFileReference; lastKnownFileType = sourcecode.swift; path = ProtocolTestViewController.swift; sourceTree = "<group>"; };
		1061BAEFFCA6A093F12464F8 /* Pods-BlueSDK_Tests.debug.xcconfig */ = {isa = PBXFileReference; includeInIndex = 1; lastKnownFileType = text.xcconfig; name = "Pods-BlueSDK_Tests.debug.xcconfig"; path = "Target Support Files/Pods-BlueSDK_Tests/Pods-BlueSDK_Tests.debug.xcconfig"; sourceTree = "<group>"; };
		1E93CAF01541A622898453A7 /* Pods-BlueSDK_Example.debug.xcconfig */ = {isa = PBXFileReference; includeInIndex = 1; lastKnownFileType = text.xcconfig; name = "Pods-BlueSDK_Example.debug.xcconfig"; path = "Target Support Files/Pods-BlueSDK_Example/Pods-BlueSDK_Example.debug.xcconfig"; sourceTree = "<group>"; };
		463034665B4567495A742275 /* BlueSDK.podspec */ = {isa = PBXFileReference; includeInIndex = 1; lastKnownFileType = text; name = BlueSDK.podspec; path = ../BlueSDK.podspec; sourceTree = "<group>"; };
		4675F7D4B670E1744EA21C69 /* MedicationRecordsViewController.swift */ = {isa = PBXFileReference; includeInIndex = 1; lastKnownFileType = sourcecode.swift; name = MedicationRecordsViewController.swift; path = BlueSDK/MedicationRecordsViewController.swift; sourceTree = "<group>"; };
		5F5C3EF66285FC6340BEA7E2 /* ProtocolTestViewController.swift */ = {isa = PBXFileReference; includeInIndex = 1; lastKnownFileType = sourcecode.swift; name = ProtocolTestViewController.swift; path = BlueSDK/ProtocolTestViewController.swift; sourceTree = "<group>"; };
		607FACD01AFB9204008FA782 /* BlueSDK_Example.app */ = {isa = PBXFileReference; explicitFileType = wrapper.application; includeInIndex = 0; path = BlueSDK_Example.app; sourceTree = BUILT_PRODUCTS_DIR; };
		607FACD41AFB9204008FA782 /* Info.plist */ = {isa = PBXFileReference; lastKnownFileType = text.plist.xml; path = Info.plist; sourceTree = "<group>"; };
		607FACD51AFB9204008FA782 /* AppDelegate.swift */ = {isa = PBXFileReference; lastKnownFileType = sourcecode.swift; path = AppDelegate.swift; sourceTree = "<group>"; };
		607FACD71AFB9204008FA782 /* ViewController.swift */ = {isa = PBXFileReference; lastKnownFileType = sourcecode.swift; path = ViewController.swift; sourceTree = "<group>"; };
		607FACDA1AFB9204008FA782 /* Base */ = {isa = PBXFileReference; lastKnownFileType = file.storyboard; name = Base; path = Base.lproj/Main.storyboard; sourceTree = "<group>"; };
		607FACDC1AFB9204008FA782 /* Images.xcassets */ = {isa = PBXFileReference; lastKnownFileType = folder.assetcatalog; path = Images.xcassets; sourceTree = "<group>"; };
		607FACDF1AFB9204008FA782 /* Base */ = {isa = PBXFileReference; lastKnownFileType = file.xib; name = Base; path = Base.lproj/LaunchScreen.xib; sourceTree = "<group>"; };
		607FACE51AFB9204008FA782 /* BlueSDK_Tests.xctest */ = {isa = PBXFileReference; explicitFileType = wrapper.cfbundle; includeInIndex = 0; path = BlueSDK_Tests.xctest; sourceTree = BUILT_PRODUCTS_DIR; };
		607FACEA1AFB9204008FA782 /* Info.plist */ = {isa = PBXFileReference; lastKnownFileType = text.plist.xml; path = Info.plist; sourceTree = "<group>"; };
		607FACEB1AFB9204008FA782 /* Tests.swift */ = {isa = PBXFileReference; lastKnownFileType = sourcecode.swift; path = Tests.swift; sourceTree = "<group>"; };
		72B3CAB4469DF4F43695720D /* LICENSE */ = {isa = PBXFileReference; includeInIndex = 1; lastKnownFileType = text; name = LICENSE; path = ../LICENSE; sourceTree = "<group>"; };
		78EF314E9844F155EB83F18E /* Pods-BlueSDK_Tests.release.xcconfig */ = {isa = PBXFileReference; includeInIndex = 1; lastKnownFileType = text.xcconfig; name = "Pods-BlueSDK_Tests.release.xcconfig"; path = "Target Support Files/Pods-BlueSDK_Tests/Pods-BlueSDK_Tests.release.xcconfig"; sourceTree = "<group>"; };
		7A591A7C20237551EDBF337A /* README.md */ = {isa = PBXFileReference; includeInIndex = 1; lastKnownFileType = net.daringfireball.markdown; name = README.md; path = ../README.md; sourceTree = "<group>"; };
		7AE286F5020F5BEB483F3FFA /* AlarmEditorViewController.swift */ = {isa = PBXFileReference; includeInIndex = 1; lastKnownFileType = sourcecode.swift; name = AlarmEditorViewController.swift; path = BlueSDK/AlarmEditorViewController.swift; sourceTree = "<group>"; };
		A2AC49C22783DE348C0D344F /* Pods_BlueSDK_Tests.framework */ = {isa = PBXFileReference; explicitFileType = wrapper.framework; includeInIndex = 0; path = Pods_BlueSDK_Tests.framework; sourceTree = BUILT_PRODUCTS_DIR; };
		DA1C8CB304B94D39FEA9FB14 /* AlarmManagerViewController.swift */ = {isa = PBXFileReference; includeInIndex = 1; lastKnownFileType = sourcecode.swift; name = AlarmManagerViewController.swift; path = BlueSDK/AlarmManagerViewController.swift; sourceTree = "<group>"; };
		E0F59A49F9491DFCA56FA17B /* MedicationDatabase.swift */ = {isa = PBXFileReference; includeInIndex = 1; lastKnownFileType = sourcecode.swift; name = MedicationDatabase.swift; path = BlueSDK/MedicationDatabase.swift; sourceTree = "<group>"; };
		FCFB09AE9255E51EBBF4C881 /* Pods_BlueSDK_Example.framework */ = {isa = PBXFileReference; explicitFileType = wrapper.framework; includeInIndex = 0; path = Pods_BlueSDK_Example.framework; sourceTree = BUILT_PRODUCTS_DIR; };
		FEFB2BCEAA7ED868D796B232 /* Pods-BlueSDK_Example.release.xcconfig */ = {isa = PBXFileReference; includeInIndex = 1; lastKnownFileType = text.xcconfig; name = "Pods-BlueSDK_Example.release.xcconfig"; path = "Target Support Files/Pods-BlueSDK_Example/Pods-BlueSDK_Example.release.xcconfig"; sourceTree = "<group>"; };
/* End PBXFileReference section */

/* Begin PBXFrameworksBuildPhase section */
		607FACCD1AFB9204008FA782 /* Frameworks */ = {
			isa = PBXFrameworksBuildPhase;
			buildActionMask = 2147483647;
			files = (
				1CDA645183AF1493BCAA8104 /* Pods_BlueSDK_Example.framework in Frameworks */,
			);
			runOnlyForDeploymentPostprocessing = 0;
		};
		607FACE21AFB9204008FA782 /* Frameworks */ = {
			isa = PBXFrameworksBuildPhase;
			buildActionMask = 2147483647;
			files = (
				93AE1ED9CBDB0CFCF845BA3E /* Pods_BlueSDK_Tests.framework in Frameworks */,
			);
			runOnlyForDeploymentPostprocessing = 0;
		};
/* End PBXFrameworksBuildPhase section */

/* Begin PBXGroup section */
		11BD83E73CC8FCF078DCE9C6 /* Frameworks */ = {
			isa = PBXGroup;
			children = (
				FCFB09AE9255E51EBBF4C881 /* Pods_BlueSDK_Example.framework */,
				A2AC49C22783DE348C0D344F /* Pods_BlueSDK_Tests.framework */,
			);
			name = Frameworks;
			sourceTree = "<group>";
		};
		607FACC71AFB9204008FA782 = {
			isa = PBXGroup;
			children = (
				607FACF51AFB993E008FA782 /* Podspec Metadata */,
				607FACD21AFB9204008FA782 /* Example for BlueSDK */,
				607FACE81AFB9204008FA782 /* Tests */,
				607FACD11AFB9204008FA782 /* Products */,
				67D9123D270585053F1EEF2A /* Pods */,
				11BD83E73CC8FCF078DCE9C6 /* Frameworks */,
				EA44555678F2490D48686E73 /* BlueSDK */,
			);
			sourceTree = "<group>";
		};
		607FACD11AFB9204008FA782 /* Products */ = {
			isa = PBXGroup;
			children = (
				607FACD01AFB9204008FA782 /* BlueSDK_Example.app */,
				607FACE51AFB9204008FA782 /* BlueSDK_Tests.xctest */,
			);
			name = Products;
			sourceTree = "<group>";
		};
		607FACD21AFB9204008FA782 /* Example for BlueSDK */ = {
			isa = PBXGroup;
			children = (
				049D14A12FE367CD0026E1B4 /* AlarmStorage.swift */,
				049D14A22FE367CD0026E1B4 /* DemoStrings.swift */,
				049D14A32FE367CD0026E1B4 /* FAQViewController.swift */,
				049D14AE2FE467CD0026E1B4 /* DeviceStorage.swift */,
				049D14AF2FE467CD0026E1B4 /* DeviceListViewController.swift */,
				049D14BF2FF067CD0026E1B4 /* LanguageViewController.swift */,
				049D14B02FE467CD0026E1B4 /* ScanViewController.swift */,
				04BDFE952FE00F4700D1F1B5 /* AlarmEditorViewController.swift */,
				04BDFE962FE00F4700D1F1B5 /* AlarmManagerViewController.swift */,
				04BDFE972FE00F4700D1F1B5 /* DebugViewController.swift */,
				04BDFE982FE00F4700D1F1B5 /* MedicationDatabase.swift */,
				04BDFE992FE00F4700D1F1B5 /* MedicationRecordsViewController.swift */,
				04BDFE9A2FE00F4700D1F1B5 /* ProtocolTestViewController.swift */,
				607FACD51AFB9204008FA782 /* AppDelegate.swift */,
				607FACD71AFB9204008FA782 /* ViewController.swift */,
				607FACD91AFB9204008FA782 /* Main.storyboard */,
				607FACDC1AFB9204008FA782 /* Images.xcassets */,
				607FACDE1AFB9204008FA782 /* LaunchScreen.xib */,
				607FACD31AFB9204008FA782 /* Supporting Files */,
			);
			name = "Example for BlueSDK";
			path = BlueSDK;
			sourceTree = "<group>";
		};
		607FACD31AFB9204008FA782 /* Supporting Files */ = {
			isa = PBXGroup;
			children = (
				607FACD41AFB9204008FA782 /* Info.plist */,
			);
			name = "Supporting Files";
			sourceTree = "<group>";
		};
		607FACE81AFB9204008FA782 /* Tests */ = {
			isa = PBXGroup;
			children = (
				607FACEB1AFB9204008FA782 /* Tests.swift */,
				607FACE91AFB9204008FA782 /* Supporting Files */,
			);
			path = Tests;
			sourceTree = "<group>";
		};
		607FACE91AFB9204008FA782 /* Supporting Files */ = {
			isa = PBXGroup;
			children = (
				607FACEA1AFB9204008FA782 /* Info.plist */,
			);
			name = "Supporting Files";
			sourceTree = "<group>";
		};
		607FACF51AFB993E008FA782 /* Podspec Metadata */ = {
			isa = PBXGroup;
			children = (
				463034665B4567495A742275 /* BlueSDK.podspec */,
				7A591A7C20237551EDBF337A /* README.md */,
				72B3CAB4469DF4F43695720D /* LICENSE */,
			);
			name = "Podspec Metadata";
			sourceTree = "<group>";
		};
		67D9123D270585053F1EEF2A /* Pods */ = {
			isa = PBXGroup;
			children = (
				1E93CAF01541A622898453A7 /* Pods-BlueSDK_Example.debug.xcconfig */,
				FEFB2BCEAA7ED868D796B232 /* Pods-BlueSDK_Example.release.xcconfig */,
				1061BAEFFCA6A093F12464F8 /* Pods-BlueSDK_Tests.debug.xcconfig */,
				78EF314E9844F155EB83F18E /* Pods-BlueSDK_Tests.release.xcconfig */,
			);
			path = Pods;
			sourceTree = "<group>";
		};
		EA44555678F2490D48686E73 /* BlueSDK */ = {
			isa = PBXGroup;
			children = (
				E0F59A49F9491DFCA56FA17B /* MedicationDatabase.swift */,
				4675F7D4B670E1744EA21C69 /* MedicationRecordsViewController.swift */,
				DA1C8CB304B94D39FEA9FB14 /* AlarmManagerViewController.swift */,
				7AE286F5020F5BEB483F3FFA /* AlarmEditorViewController.swift */,
				5F5C3EF66285FC6340BEA7E2 /* ProtocolTestViewController.swift */,
			);
			name = BlueSDK;
			sourceTree = "<group>";
		};
/* End PBXGroup section */

/* Begin PBXNativeTarget section */
		607FACCF1AFB9204008FA782 /* BlueSDK_Example */ = {
			isa = PBXNativeTarget;
			buildConfigurationList = 607FACEF1AFB9204008FA782 /* Build configuration list for PBXNativeTarget "BlueSDK_Example" */;
			buildPhases = (
				AA3BC95664097252689CEBBB /* [CP] Check Pods Manifest.lock */,
				607FACCC1AFB9204008FA782 /* Sources */,
				607FACCD1AFB9204008FA782 /* Frameworks */,
				607FACCE1AFB9204008FA782 /* Resources */,
				6F74561F965715D65B72B371 /* [CP] Embed Pods Frameworks */,
			);
			buildRules = (
			);
			dependencies = (
			);
			name = BlueSDK_Example;
			productName = BlueSDK;
			productReference = 607FACD01AFB9204008FA782 /* BlueSDK_Example.app */;
			productType = "com.apple.product-type.application";
		};
		607FACE41AFB9204008FA782 /* BlueSDK_Tests */ = {
			isa = PBXNativeTarget;
			buildConfigurationList = 607FACF21AFB9204008FA782 /* Build configuration list for PBXNativeTarget "BlueSDK_Tests" */;
			buildPhases = (
				3193765767E82E93DE08BD2A /* [CP] Check Pods Manifest.lock */,
				607FACE11AFB9204008FA782 /* Sources */,
				607FACE21AFB9204008FA782 /* Frameworks */,
				607FACE31AFB9204008FA782 /* Resources */,
			);
			buildRules = (
			);
			dependencies = (
				607FACE71AFB9204008FA782 /* PBXTargetDependency */,
			);
			name = BlueSDK_Tests;
			productName = Tests;
			productReference = 607FACE51AFB9204008FA782 /* BlueSDK_Tests.xctest */;
			productType = "com.apple.product-type.bundle.unit-test";
		};
/* End PBXNativeTarget section */

/* Begin PBXProject section */
		607FACC81AFB9204008FA782 /* Project object */ = {
			isa = PBXProject;
			attributes = {
				LastSwiftUpdateCheck = 0830;
				LastUpgradeCheck = 0830;
				ORGANIZATIONNAME = CocoaPods;
				TargetAttributes = {
					607FACCF1AFB9204008FA782 = {
						CreatedOnToolsVersion = 6.3.1;
						DevelopmentTeam = MLAAATX8Y5;
						LastSwiftMigration = 0900;
						ProvisioningStyle = Automatic;
					};
					607FACE41AFB9204008FA782 = {
						CreatedOnToolsVersion = 6.3.1;
						DevelopmentTeam = FHERMW8SJP;
						LastSwiftMigration = 0900;
						TestTargetID = 607FACCF1AFB9204008FA782;
					};
				};
			};
			buildConfigurationList = 607FACCB1AFB9204008FA782 /* Build configuration list for PBXProject "BlueSDK" */;
			compatibilityVersion = "Xcode 3.2";
			developmentRegion = English;
			hasScannedForEncodings = 0;
			knownRegions = (
				English,
				en,
				Base,
			);
			mainGroup = 607FACC71AFB9204008FA782;
			productRefGroup = 607FACD11AFB9204008FA782 /* Products */;
			projectDirPath = "";
			projectRoot = "";
			targets = (
				607FACCF1AFB9204008FA782 /* BlueSDK_Example */,
				607FACE41AFB9204008FA782 /* BlueSDK_Tests */,
			);
		};
/* End PBXProject section */

/* Begin PBXResourcesBuildPhase section */
		607FACCE1AFB9204008FA782 /* Resources */ = {
			isa = PBXResourcesBuildPhase;
			buildActionMask = 2147483647;
			files = (
				607FACDB1AFB9204008FA782 /* Main.storyboard in Resources */,
				607FACE01AFB9204008FA782 /* LaunchScreen.xib in Resources */,
				607FACDD1AFB9204008FA782 /* Images.xcassets in Resources */,
			);
			runOnlyForDeploymentPostprocessing = 0;
		};
		607FACE31AFB9204008FA782 /* Resources */ = {
			isa = PBXResourcesBuildPhase;
			buildActionMask = 2147483647;
			files = (
			);
			runOnlyForDeploymentPostprocessing = 0;
		};
/* End PBXResourcesBuildPhase section */

/* Begin PBXShellScriptBuildPhase section */
		3193765767E82E93DE08BD2A /* [CP] Check Pods Manifest.lock */ = {
			isa = PBXShellScriptBuildPhase;
			buildActionMask = 2147483647;
			files = (
			);
			inputFileListPaths = (
			);
			inputPaths = (
				"${PODS_PODFILE_DIR_PATH}/Podfile.lock",
				"${PODS_ROOT}/Manifest.lock",
			);
			name = "[CP] Check Pods Manifest.lock";
			outputFileListPaths = (
			);
			outputPaths = (
				"$(DERIVED_FILE_DIR)/Pods-BlueSDK_Tests-checkManifestLockResult.txt",
			);
			runOnlyForDeploymentPostprocessing = 0;
			shellPath = /bin/sh;
			shellScript = "diff \"${PODS_PODFILE_DIR_PATH}/Podfile.lock\" \"${PODS_ROOT}/Manifest.lock\" > /dev/null\nif [ $? != 0 ] ; then\n    # print error to STDERR\n    echo \"error: The sandbox is not in sync with the Podfile.lock. Run 'pod install' or update your CocoaPods installation.\" >&2\n    exit 1\nfi\n# This output is used by Xcode 'outputs' to avoid re-running this script phase.\necho \"SUCCESS\" > \"${SCRIPT_OUTPUT_FILE_0}\"\n";
			showEnvVarsInLog = 0;
		};
		6F74561F965715D65B72B371 /* [CP] Embed Pods Frameworks */ = {
			isa = PBXShellScriptBuildPhase;
			buildActionMask = 2147483647;
			files = (
			);
			inputPaths = (
				"${PODS_ROOT}/Target Support Files/Pods-BlueSDK_Example/Pods-BlueSDK_Example-frameworks.sh",
				"${BUILT_PRODUCTS_DIR}/BlueSDK/BlueSDK.framework",
				"${BUILT_PRODUCTS_DIR}/SnapKit/SnapKit.framework",
			);
			name = "[CP] Embed Pods Frameworks";
			outputPaths = (
				"${TARGET_BUILD_DIR}/${FRAMEWORKS_FOLDER_PATH}/BlueSDK.framework",
				"${TARGET_BUILD_DIR}/${FRAMEWORKS_FOLDER_PATH}/SnapKit.framework",
			);
			runOnlyForDeploymentPostprocessing = 0;
			shellPath = /bin/sh;
			shellScript = "\"${PODS_ROOT}/Target Support Files/Pods-BlueSDK_Example/Pods-BlueSDK_Example-frameworks.sh\"\n";
			showEnvVarsInLog = 0;
		};
		AA3BC95664097252689CEBBB /* [CP] Check Pods Manifest.lock */ = {
			isa = PBXShellScriptBuildPhase;
			buildActionMask = 2147483647;
			files = (
			);
			inputFileListPaths = (
			);
			inputPaths = (
				"${PODS_PODFILE_DIR_PATH}/Podfile.lock",
				"${PODS_ROOT}/Manifest.lock",
			);
			name = "[CP] Check Pods Manifest.lock";
			outputFileListPaths = (
			);
			outputPaths = (
				"$(DERIVED_FILE_DIR)/Pods-BlueSDK_Example-checkManifestLockResult.txt",
			);
			runOnlyForDeploymentPostprocessing = 0;
			shellPath = /bin/sh;
			shellScript = "diff \"${PODS_PODFILE_DIR_PATH}/Podfile.lock\" \"${PODS_ROOT}/Manifest.lock\" > /dev/null\nif [ $? != 0 ] ; then\n    # print error to STDERR\n    echo \"error: The sandbox is not in sync with the Podfile.lock. Run 'pod install' or update your CocoaPods installation.\" >&2\n    exit 1\nfi\n# This output is used by Xcode 'outputs' to avoid re-running this script phase.\necho \"SUCCESS\" > \"${SCRIPT_OUTPUT_FILE_0}\"\n";
			showEnvVarsInLog = 0;
		};
/* End PBXShellScriptBuildPhase section */

/* Begin PBXSourcesBuildPhase section */
		607FACCC1AFB9204008FA782 /* Sources */ = {
			isa = PBXSourcesBuildPhase;
			buildActionMask = 2147483647;
			files = (
				607FACD81AFB9204008FA782 /* ViewController.swift in Sources */,
				607FACD61AFB9204008FA782 /* AppDelegate.swift in Sources */,
				DE6FE45D61DC92AE8FC9C6ED /* MedicationDatabase.swift in Sources */,
				197F57BD51D2600AFBF1E964 /* MedicationRecordsViewController.swift in Sources */,
				C323E8E813769E3B95E32653 /* AlarmManagerViewController.swift in Sources */,
				049D14A42FE367CD0026E1B4 /* AlarmStorage.swift in Sources */,
				049D14A52FE367CD0026E1B4 /* DemoStrings.swift in Sources */,
				049D14A62FE367CD0026E1B4 /* FAQViewController.swift in Sources */,
				049D14B12FE467CD0026E1B4 /* DeviceStorage.swift in Sources */,
				049D14B22FE467CD0026E1B4 /* DeviceListViewController.swift in Sources */,
				049D14C02FF067CD0026E1B4 /* LanguageViewController.swift in Sources */,
				049D14B32FE467CD0026E1B4 /* ScanViewController.swift in Sources */,
				57AE167D928B6CEDCEB66D3C /* AlarmEditorViewController.swift in Sources */,
				04BDFE9B2FE00F4700D1F1B5 /* ProtocolTestViewController.swift in Sources */,
				04BDFE9C2FE00F4700D1F1B5 /* AlarmManagerViewController.swift in Sources */,
				04BDFE9D2FE00F4700D1F1B5 /* MedicationDatabase.swift in Sources */,
				04BDFE9E2FE00F4700D1F1B5 /* MedicationRecordsViewController.swift in Sources */,
				04BDFE9F2FE00F4700D1F1B5 /* AlarmEditorViewController.swift in Sources */,
				04BDFEA02FE00F4700D1F1B5 /* DebugViewController.swift in Sources */,
				B68194BFBA842540A3883A18 /* ProtocolTestViewController.swift in Sources */,
			);
			runOnlyForDeploymentPostprocessing = 0;
		};
		607FACE11AFB9204008FA782 /* Sources */ = {
			isa = PBXSourcesBuildPhase;
			buildActionMask = 2147483647;
			files = (
				607FACEC1AFB9204008FA782 /* Tests.swift in Sources */,
			);
			runOnlyForDeploymentPostprocessing = 0;
		};
/* End PBXSourcesBuildPhase section */

/* Begin PBXTargetDependency section */
		607FACE71AFB9204008FA782 /* PBXTargetDependency */ = {
			isa = PBXTargetDependency;
			target = 607FACCF1AFB9204008FA782 /* BlueSDK_Example */;
			targetProxy = 607FACE61AFB9204008FA782 /* PBXContainerItemProxy */;
		};
/* End PBXTargetDependency section */

/* Begin PBXVariantGroup section */
		607FACD91AFB9204008FA782 /* Main.storyboard */ = {
			isa = PBXVariantGroup;
			children = (
				607FACDA1AFB9204008FA782 /* Base */,
			);
			name = Main.storyboard;
			sourceTree = "<group>";
		};
		607FACDE1AFB9204008FA782 /* LaunchScreen.xib */ = {
			isa = PBXVariantGroup;
			children = (
				607FACDF1AFB9204008FA782 /* Base */,
			);
			name = LaunchScreen.xib;
			sourceTree = "<group>";
		};
/* End PBXVariantGroup section */

/* Begin XCBuildConfiguration section */
		607FACED1AFB9204008FA782 /* Debug */ = {
			isa = XCBuildConfiguration;
			buildSettings = {
				ALWAYS_SEARCH_USER_PATHS = NO;
				CLANG_CXX_LANGUAGE_STANDARD = "gnu++0x";
				CLANG_CXX_LIBRARY = "libc++";
				CLANG_ENABLE_MODULES = YES;
				CLANG_ENABLE_OBJC_ARC = YES;
				CLANG_WARN_BLOCK_CAPTURE_AUTORELEASING = YES;
				CLANG_WARN_BOOL_CONVERSION = YES;
				CLANG_WARN_COMMA = YES;
				CLANG_WARN_CONSTANT_CONVERSION = YES;
				CLANG_WARN_DIRECT_OBJC_ISA_USAGE = YES_ERROR;
				CLANG_WARN_EMPTY_BODY = YES;
				CLANG_WARN_ENUM_CONVERSION = YES;
				CLANG_WARN_INFINITE_RECURSION = YES;
				CLANG_WARN_INT_CONVERSION = YES;
				CLANG_WARN_NON_LITERAL_NULL_CONVERSION = YES;
				CLANG_WARN_OBJC_LITERAL_CONVERSION = YES;
				CLANG_WARN_OBJC_ROOT_CLASS = YES_ERROR;
				CLANG_WARN_RANGE_LOOP_ANALYSIS = YES;
				CLANG_WARN_STRICT_PROTOTYPES = YES;
				CLANG_WARN_SUSPICIOUS_MOVE = YES;
				CLANG_WARN_UNREACHABLE_CODE = YES;
				CLANG_WARN__DUPLICATE_METHOD_MATCH = YES;
				"CODE_SIGN_IDENTITY[sdk=iphoneos*]" = "iPhone Developer";
				COPY_PHASE_STRIP = NO;
				DEBUG_INFORMATION_FORMAT = "dwarf-with-dsym";
				ENABLE_STRICT_OBJC_MSGSEND = YES;
				ENABLE_TESTABILITY = YES;
				GCC_C_LANGUAGE_STANDARD = gnu99;
				GCC_DYNAMIC_NO_PIC = NO;
				GCC_NO_COMMON_BLOCKS = YES;
				GCC_OPTIMIZATION_LEVEL = 0;
				GCC_PREPROCESSOR_DEFINITIONS = (
					"DEBUG=1",
					"$(inherited)",
				);
				GCC_SYMBOLS_PRIVATE_EXTERN = NO;
				GCC_WARN_64_TO_32_BIT_CONVERSION = YES;
				GCC_WARN_ABOUT_RETURN_TYPE = YES_ERROR;
				GCC_WARN_UNDECLARED_SELECTOR = YES;
				GCC_WARN_UNINITIALIZED_AUTOS = YES_AGGRESSIVE;
				GCC_WARN_UNUSED_FUNCTION = YES;
				GCC_WARN_UNUSED_VARIABLE = YES;
				IPHONEOS_DEPLOYMENT_TARGET = 13.0;
				MTL_ENABLE_DEBUG_INFO = YES;
				ONLY_ACTIVE_ARCH = YES;
				SDKROOT = iphoneos;
				SWIFT_OPTIMIZATION_LEVEL = "-Onone";
			};
			name = Debug;
		};
		607FACEE1AFB9204008FA782 /* Release */ = {
			isa = XCBuildConfiguration;
			buildSettings = {
				ALWAYS_SEARCH_USER_PATHS = NO;
				CLANG_CXX_LANGUAGE_STANDARD = "gnu++0x";
				CLANG_CXX_LIBRARY = "libc++";
				CLANG_ENABLE_MODULES = YES;
				CLANG_ENABLE_OBJC_ARC = YES;
				CLANG_WARN_BLOCK_CAPTURE_AUTORELEASING = YES;
				CLANG_WARN_BOOL_CONVERSION = YES;
				CLANG_WARN_COMMA = YES;
				CLANG_WARN_CONSTANT_CONVERSION = YES;
				CLANG_WARN_DIRECT_OBJC_ISA_USAGE = YES_ERROR;
				CLANG_WARN_EMPTY_BODY = YES;
				CLANG_WARN_ENUM_CONVERSION = YES;
				CLANG_WARN_INFINITE_RECURSION = YES;
				CLANG_WARN_INT_CONVERSION = YES;
				CLANG_WARN_NON_LITERAL_NULL_CONVERSION = YES;
				CLANG_WARN_OBJC_LITERAL_CONVERSION = YES;
				CLANG_WARN_OBJC_ROOT_CLASS = YES_ERROR;
				CLANG_WARN_RANGE_LOOP_ANALYSIS = YES;
				CLANG_WARN_STRICT_PROTOTYPES = YES;
				CLANG_WARN_SUSPICIOUS_MOVE = YES;
				CLANG_WARN_UNREACHABLE_CODE = YES;
				CLANG_WARN__DUPLICATE_METHOD_MATCH = YES;
				"CODE_SIGN_IDENTITY[sdk=iphoneos*]" = "iPhone Developer";
				COPY_PHASE_STRIP = NO;
				DEBUG_INFORMATION_FORMAT = "dwarf-with-dsym";
				ENABLE_NS_ASSERTIONS = NO;
				ENABLE_STRICT_OBJC_MSGSEND = YES;
				GCC_C_LANGUAGE_STANDARD = gnu99;
				GCC_NO_COMMON_BLOCKS = YES;
				GCC_WARN_64_TO_32_BIT_CONVERSION = YES;
				GCC_WARN_ABOUT_RETURN_TYPE = YES_ERROR;
				GCC_WARN_UNDECLARED_SELECTOR = YES;
				GCC_WARN_UNINITIALIZED_AUTOS = YES_AGGRESSIVE;
				GCC_WARN_UNUSED_FUNCTION = YES;
				GCC_WARN_UNUSED_VARIABLE = YES;
				IPHONEOS_DEPLOYMENT_TARGET = 13.0;
				MTL_ENABLE_DEBUG_INFO = NO;
				SDKROOT = iphoneos;
				SWIFT_OPTIMIZATION_LEVEL = "-Owholemodule";
				VALIDATE_PRODUCT = YES;
			};
			name = Release;
		};
		607FACF01AFB9204008FA782 /* Debug */ = {
			isa = XCBuildConfiguration;
			baseConfigurationReference = 1E93CAF01541A622898453A7 /* Pods-BlueSDK_Example.debug.xcconfig */;
			buildSettings = {
				ASSETCATALOG_COMPILER_APPICON_NAME = AppIcon;
				CODE_SIGN_IDENTITY = "Apple Development";
				CODE_SIGN_STYLE = Automatic;
				DEVELOPMENT_TEAM = MLAAATX8Y5;
				INFOPLIST_FILE = BlueSDK/Info.plist;
				IPHONEOS_DEPLOYMENT_TARGET = 15.6;
				LD_RUNPATH_SEARCH_PATHS = "$(inherited) @executable_path/Frameworks";
				MODULE_NAME = ExampleApp;
				PRODUCT_BUNDLE_IDENTIFIER = "org.cocoapods.demo.--PRODUCT-NAME-rfc1034identifier-";
				PRODUCT_NAME = "$(TARGET_NAME)";
				PROVISIONING_PROFILE_SPECIFIER = "";
				SUPPORTED_PLATFORMS = "iphoneos iphonesimulator";
				SUPPORTS_MACCATALYST = NO;
				SUPPORTS_MAC_DESIGNED_FOR_IPHONE_IPAD = NO;
				SUPPORTS_XR_DESIGNED_FOR_IPHONE_IPAD = NO;
				SWIFT_SWIFT3_OBJC_INFERENCE = Default;
				SWIFT_VERSION = 4.0;
				TARGETED_DEVICE_FAMILY = 1;
			};
			name = Debug;
		};
		607FACF11AFB9204008FA782 /* Release */ = {
			isa = XCBuildConfiguration;
			baseConfigurationReference = FEFB2BCEAA7ED868D796B232 /* Pods-BlueSDK_Example.release.xcconfig */;
			buildSettings = {
				ASSETCATALOG_COMPILER_APPICON_NAME = AppIcon;
				CODE_SIGN_IDENTITY = "Apple Development";
				CODE_SIGN_STYLE = Automatic;
				DEVELOPMENT_TEAM = MLAAATX8Y5;
				INFOPLIST_FILE = BlueSDK/Info.plist;
				IPHONEOS_DEPLOYMENT_TARGET = 15.6;
				LD_RUNPATH_SEARCH_PATHS = "$(inherited) @executable_path/Frameworks";
				MODULE_NAME = ExampleApp;
				PRODUCT_BUNDLE_IDENTIFIER = "org.cocoapods.demo.--PRODUCT-NAME-rfc1034identifier-";
				PRODUCT_NAME = "$(TARGET_NAME)";
				PROVISIONING_PROFILE_SPECIFIER = "";
				SUPPORTED_PLATFORMS = "iphoneos iphonesimulator";
				SUPPORTS_MACCATALYST = NO;
				SUPPORTS_MAC_DESIGNED_FOR_IPHONE_IPAD = NO;
				SUPPORTS_XR_DESIGNED_FOR_IPHONE_IPAD = NO;
				SWIFT_SWIFT3_OBJC_INFERENCE = Default;
				SWIFT_VERSION = 4.0;
				TARGETED_DEVICE_FAMILY = 1;
			};
			name = Release;
		};
		607FACF31AFB9204008FA782 /* Debug */ = {
			isa = XCBuildConfiguration;
			baseConfigurationReference = 1061BAEFFCA6A093F12464F8 /* Pods-BlueSDK_Tests.debug.xcconfig */;
			buildSettings = {
				DEVELOPMENT_TEAM = FHERMW8SJP;
				FRAMEWORK_SEARCH_PATHS = (
					"$(PLATFORM_DIR)/Developer/Library/Frameworks",
					"$(inherited)",
				);
				GCC_PREPROCESSOR_DEFINITIONS = (
					"DEBUG=1",
					"$(inherited)",
				);
				INFOPLIST_FILE = Tests/Info.plist;
				LD_RUNPATH_SEARCH_PATHS = "$(inherited) @executable_path/Frameworks @loader_path/Frameworks";
				PRODUCT_BUNDLE_IDENTIFIER = "org.cocoapods.--PRODUCT-NAME-rfc1034identifier-";
				PRODUCT_NAME = "$(TARGET_NAME)";
				SUPPORTED_PLATFORMS = "iphoneos iphonesimulator";
				SUPPORTS_MACCATALYST = NO;
				SUPPORTS_MAC_DESIGNED_FOR_IPHONE_IPAD = NO;
				SUPPORTS_XR_DESIGNED_FOR_IPHONE_IPAD = NO;
				SWIFT_SWIFT3_OBJC_INFERENCE = Default;
				SWIFT_VERSION = 4.0;
				TARGETED_DEVICE_FAMILY = 1;
				TEST_HOST = "$(BUILT_PRODUCTS_DIR)/BlueSDK_Example.app/BlueSDK_Example";
			};
			name = Debug;
		};
		607FACF41AFB9204008FA782 /* Release */ = {
			isa = XCBuildConfiguration;
			baseConfigurationReference = 78EF314E9844F155EB83F18E /* Pods-BlueSDK_Tests.release.xcconfig */;
			buildSettings = {
				DEVELOPMENT_TEAM = FHERMW8SJP;
				FRAMEWORK_SEARCH_PATHS = (
					"$(PLATFORM_DIR)/Developer/Library/Frameworks",
					"$(inherited)",
				);
				INFOPLIST_FILE = Tests/Info.plist;
				LD_RUNPATH_SEARCH_PATHS = "$(inherited) @executable_path/Frameworks @loader_path/Frameworks";
				PRODUCT_BUNDLE_IDENTIFIER = "org.cocoapods.--PRODUCT-NAME-rfc1034identifier-";
				PRODUCT_NAME = "$(TARGET_NAME)";
				SUPPORTED_PLATFORMS = "iphoneos iphonesimulator";
				SUPPORTS_MACCATALYST = NO;
				SUPPORTS_MAC_DESIGNED_FOR_IPHONE_IPAD = NO;
				SUPPORTS_XR_DESIGNED_FOR_IPHONE_IPAD = NO;
				SWIFT_SWIFT3_OBJC_INFERENCE = Default;
				SWIFT_VERSION = 4.0;
				TARGETED_DEVICE_FAMILY = 1;
				TEST_HOST = "$(BUILT_PRODUCTS_DIR)/BlueSDK_Example.app/BlueSDK_Example";
			};
			name = Release;
		};
/* End XCBuildConfiguration section */

/* Begin XCConfigurationList section */
		607FACCB1AFB9204008FA782 /* Build configuration list for PBXProject "BlueSDK" */ = {
			isa = XCConfigurationList;
			buildConfigurations = (
				607FACED1AFB9204008FA782 /* Debug */,
				607FACEE1AFB9204008FA782 /* Release */,
			);
			defaultConfigurationIsVisible = 0;
			defaultConfigurationName = Release;
		};
		607FACEF1AFB9204008FA782 /* Build configuration list for PBXNativeTarget "BlueSDK_Example" */ = {
			isa = XCConfigurationList;
			buildConfigurations = (
				607FACF01AFB9204008FA782 /* Debug */,
				607FACF11AFB9204008FA782 /* Release */,
			);
			defaultConfigurationIsVisible = 0;
			defaultConfigurationName = Release;
		};
		607FACF21AFB9204008FA782 /* Build configuration list for PBXNativeTarget "BlueSDK_Tests" */ = {
			isa = XCConfigurationList;
			buildConfigurations = (
				607FACF31AFB9204008FA782 /* Debug */,
				607FACF41AFB9204008FA782 /* Release */,
			);
			defaultConfigurationIsVisible = 0;
			defaultConfigurationName = Release;
		};
/* End XCConfigurationList section */
	};
	rootObject = 607FACC81AFB9204008FA782 /* Project object */;
}
